Microsoft Visual Studio Solution File, Format Version 12.00
# Visual Studio 16
Project("{2150E333-8FDC-42A3-9474-1A3956D46DE8}") = "CMake", "CMake", "{42CA9EE7-FDC9-31B2-BBA7-4FDE18CE5117}"
EndProject
Project("{2150E333-8FDC-42A3-9474-1A3956D46DE8}") = "SFML", "SFML", "{C8F76D28-79BC-3EEE-8FAD-F458C0BC5DD8}"
EndProject
Project("{8BC9CEB8-8B4A-11D0-8D11-00A0C91BC942}") = "ALL_BUILD", "ALL_BUILD.vcxproj", "{4413E2C7-184C-3EF6-AF9B-2998C7E7F90D}"
	ProjectSection(ProjectDependencies) = postProject
		{8EF770B4-95FF-3535-A4CC-72B395CF9EDF} = {8EF770B4-95FF-3535-A4CC-72B395CF9EDF}
		{EB36C28D-D90A-3F34-8531-4D3D1C56BB6E} = {EB36C28D-D90A-3F34-8531-4D3D1C56BB6E}
		{F9010FB1-2D6F-3477-8EED-10CD2AD71C3A} = {F9010FB1-2D6F-3477-8EED-10CD2AD71C3A}
		{7712F0BA-511E-3409-8FA3-6E06A44BFF42} = {7712F0BA-511E-3409-8FA3-6E06A44BFF42}
		{8D9EAD67-CD09-349B-BAEA-1D1550056DD5} = {8D9EAD67-CD09-349B-BAEA-1D1550056DD5}
		{FD7436D4-0221-379D-94D0-968B6396BEA9} = {FD7436D4-0221-379D-94D0-968B6396BEA9}
		{5001EC42-6B14-3AEF-87CD-39330C93541F} = {5001EC42-6B14-3AEF-87CD-39330C93541F}
	EndProjectSection
EndProject
Project("{8BC9CEB8-8B4A-11D0-8D11-00A0C91BC942}") = "INSTALL", "INSTALL.vcxproj", "{63B86871-ED5F-3590-A76A-BA52C2928E9D}"
	ProjectSection(ProjectDependencies) = postProject
		{4413E2C7-184C-3EF6-AF9B-2998C7E7F90D} = {4413E2C7-184C-3EF6-AF9B-2998C7E7F90D}
		{8EF770B4-95FF-3535-A4CC-72B395CF9EDF} = {8EF770B4-95FF-3535-A4CC-72B395CF9EDF}
	EndProjectSection
EndProject
Project("{8BC9CEB8-8B4A-11D0-8D11-00A0C91BC942}") = "ZERO_CHECK", "ZERO_CHECK.vcxproj", "{8EF770B4-95FF-3535-A4CC-72B395CF9EDF}"
	ProjectSection(ProjectDependencies) = postProject
	EndProjectSection
EndProject
Project("{8BC9CEB8-8B4A-11D0-8D11-00A0C91BC942}") = "sfml-audio", "src\SFML\Audio\sfml-audio.vcxproj", "{EB36C28D-D90A-3F34-8531-4D3D1C56BB6E}"
	ProjectSection(ProjectDependencies) = postProject
		{8EF770B4-95FF-3535-A4CC-72B395CF9EDF} = {8EF770B4-95FF-3535-A4CC-72B395CF9EDF}
		{FD7436D4-0221-379D-94D0-968B6396BEA9} = {FD7436D4-0221-379D-94D0-968B6396BEA9}
	EndProjectSection
EndProject
Project("{8BC9CEB8-8B4A-11D0-8D11-00A0C91BC942}") = "sfml-graphics", "src\SFML\Graphics\sfml-graphics.vcxproj", "{F9010FB1-2D6F-3477-8EED-10CD2AD71C3A}"
	ProjectSection(ProjectDependencies) = postProject
		{8EF770B4-95FF-3535-A4CC-72B395CF9EDF} = {8EF770B4-95FF-3535-A4CC-72B395CF9EDF}
		{FD7436D4-0221-379D-94D0-968B6396BEA9} = {FD7436D4-0221-379D-94D0-968B6396BEA9}
		{5001EC42-6B14-3AEF-87CD-39330C93541F} = {5001EC42-6B14-3AEF-87CD-39330C93541F}
	EndProjectSection
EndProject
Project("{8BC9CEB8-8B4A-11D0-8D11-00A0C91BC942}") = "sfml-main", "src\SFML\Main\sfml-main.vcxproj", "{7712F0BA-511E-3409-8FA3-6E06A44BFF42}"
	ProjectSection(ProjectDependencies) = postProject
		{8EF770B4-95FF-3535-A4CC-72B395CF9EDF} = {8EF770B4-95FF-3535-A4CC-72B395CF9EDF}
	EndProjectSection
EndProject
Project("{8BC9CEB8-8B4A-11D0-8D11-00A0C91BC942}") = "sfml-network", "src\SFML\Network\sfml-network.vcxproj", "{8D9EAD67-CD09-349B-BAEA-1D1550056DD5}"
	ProjectSection(ProjectDependencies) = postProject
		{8EF770B4-95FF-3535-A4CC-72B395CF9EDF} = {8EF770B4-95FF-3535-A4CC-72B395CF9EDF}
		{FD7436D4-0221-379D-94D0-968B6396BEA9} = {FD7436D4-0221-379D-94D0-968B6396BEA9}
	EndProjectSection
EndProject
Project("{8BC9CEB8-8B4A-11D0-8D11-00A0C91BC942}") = "sfml-system", "src\SFML\System\sfml-system.vcxproj", "{FD7436D4-0221-379D-94D0-968B6396BEA9}"
	ProjectSection(ProjectDependencies) = postProject
		{8EF770B4-95FF-3535-A4CC-72B395CF9EDF} = {8EF770B4-95FF-3535-A4CC-72B395CF9EDF}
	EndProjectSection
EndProject
Project("{8BC9CEB8-8B4A-11D0-8D11-00A0C91BC942}") = "sfml-window", "src\SFML\Window\sfml-window.vcxproj", "{5001EC42-6B14-3AEF-87CD-39330C93541F}"
	ProjectSection(ProjectDependencies) = postProject
		{8EF770B4-95FF-3535-A4CC-72B395CF9EDF} = {8EF770B4-95FF-3535-A4CC-72B395CF9EDF}
		{FD7436D4-0221-379D-94D0-968B6396BEA9} = {FD7436D4-0221-379D-94D0-968B6396BEA9}
	EndProjectSection
EndProject
Global
	GlobalSection(SolutionConfigurationPlatforms) = preSolution
		Debug|x64 = Debug|x64
		Release|x64 = Release|x64
		MinSizeRel|x64 = MinSizeRel|x64
		RelWithDebInfo|x64 = RelWithDebInfo|x64
	EndGlobalSection
	GlobalSection(ProjectConfigurationPlatforms) = postSolution
		{4413E2C7-184C-3EF6-AF9B-2998C7E7F90D}.Debug|x64.ActiveCfg = Debug|x64
		{4413E2C7-184C-3EF6-AF9B-2998C7E7F90D}.Debug|x64.Build.0 = Debug|x64
		{4413E2C7-184C-3EF6-AF9B-2998C7E7F90D}.Release|x64.ActiveCfg = Release|x64
		{4413E2C7-184C-3EF6-AF9B-2998C7E7F90D}.Release|x64.Build.0 = Release|x64
		{4413E2C7-184C-3EF6-AF9B-2998C7E7F90D}.MinSizeRel|x64.ActiveCfg = MinSizeRel|x64
		{4413E2C7-184C-3EF6-AF9B-2998C7E7F90D}.MinSizeRel|x64.Build.0 = MinSizeRel|x64
		{4413E2C7-184C-3EF6-AF9B-2998C7E7F90D}.RelWithDebInfo|x64.ActiveCfg = RelWithDebInfo|x64
		{4413E2C7-184C-3EF6-AF9B-2998C7E7F90D}.RelWithDebInfo|x64.Build.0 = RelWithDebInfo|x64
		{63B86871-ED5F-3590-A76A-BA52C2928E9D}.Debug|x64.ActiveCfg = Debug|x64
		{63B86871-ED5F-3590-A76A-BA52C2928E9D}.Release|x64.ActiveCfg = Release|x64
		{63B86871-ED5F-3590-A76A-BA52C2928E9D}.MinSizeRel|x64.ActiveCfg = MinSizeRel|x64
		{63B86871-ED5F-3590-A76A-BA52C2928E9D}.RelWithDebInfo|x64.ActiveCfg = RelWithDebInfo|x64
		{8EF770B4-95FF-3535-A4CC-72B395CF9EDF}.Debug|x64.ActiveCfg = Debug|x64
		{8EF770B4-95FF-3535-A4CC-72B395CF9EDF}.Debug|x64.Build.0 = Debug|x64
		{8EF770B4-95FF-3535-A4CC-72B395CF9EDF}.Release|x64.ActiveCfg = Release|x64
		{8EF770B4-95FF-3535-A4CC-72B395CF9EDF}.Release|x64.Build.0 = Release|x64
		{8EF770B4-95FF-3535-A4CC-72B395CF9EDF}.MinSizeRel|x64.ActiveCfg = MinSizeRel|x64
		{8EF770B4-95FF-3535-A4CC-72B395CF9EDF}.MinSizeRel|x64.Build.0 = MinSizeRel|x64
		{8EF770B4-95FF-3535-A4CC-72B395CF9EDF}.RelWithDebInfo|x64.ActiveCfg = RelWithDebInfo|x64
		{8EF770B4-95FF-3535-A4CC-72B395CF9EDF}.RelWithDebInfo|x64.Build.0 = RelWithDebInfo|x64
		{EB36C28D-D90A-3F34-8531-4D3D1C56BB6E}.Debug|x64.ActiveCfg = Debug|x64
		{EB36C28D-D90A-3F34-8531-4D3D1C56BB6E}.Debug|x64.Build.0 = Debug|x64
		{EB36C28D-D90A-3F34-8531-4D3D1C56BB6E}.Release|x64.ActiveCfg = Release|x64
		{EB36C28D-D90A-3F34-8531-4D3D1C56BB6E}.Release|x64.Build.0 = Release|x64
		{EB36C28D-D90A-3F34-8531-4D3D1C56BB6E}.MinSizeRel|x64.ActiveCfg = MinSizeRel|x64
		{EB36C28D-D90A-3F34-8531-4D3D1C56BB6E}.MinSizeRel|x64.Build.0 = MinSizeRel|x64
		{EB36C28D-D90A-3F34-8531-4D3D1C56BB6E}.RelWithDebInfo|x64.ActiveCfg = RelWithDebInfo|x64
		{EB36C28D-D90A-3F34-8531-4D3D1C56BB6E}.RelWithDebInfo|x64.Build.0 = RelWithDebInfo|x64
		{F9010FB1-2D6F-3477-8EED-10CD2AD71C3A}.Debug|x64.ActiveCfg = Debug|x64
		{F9010FB1-2D6F-3477-8EED-10CD2AD71C3A}.Debug|x64.Build.0 = Debug|x64
		{F9010FB1-2D6F-3477-8EED-10CD2AD71C3A}.Release|x64.ActiveCfg = Release|x64
		{F9010FB1-2D6F-3477-8EED-10CD2AD71C3A}.Release|x64.Build.0 = Release|x64
		{F9010FB1-2D6F-3477-8EED-10CD2AD71C3A}.MinSizeRel|x64.ActiveCfg = MinSizeRel|x64
		{F9010FB1-2D6F-3477-8EED-10CD2AD71C3A}.MinSizeRel|x64.Build.0 = MinSizeRel|x64
		{F9010FB1-2D6F-3477-8EED-10CD2AD71C3A}.RelWithDebInfo|x64.ActiveCfg = RelWithDebInfo|x64
		{F9010FB1-2D6F-3477-8EED-10CD2AD71C3A}.RelWithDebInfo|x64.Build.0 = RelWithDebInfo|x64
		{7712F0BA-511E-3409-8FA3-6E06A44BFF42}.Debug|x64.ActiveCfg = Debug|x64
		{7712F0BA-511E-3409-8FA3-6E06A44BFF42}.Debug|x64.Build.0 = Debug|x64
		{7712F0BA-511E-3409-8FA3-6E06A44BFF42}.Release|x64.ActiveCfg = Release|x64
		{7712F0BA-511E-3409-8FA3-6E06A44BFF42}.Release|x64.Build.0 = Release|x64
		{7712F0BA-511E-3409-8FA3-6E06A44BFF42}.MinSizeRel|x64.ActiveCfg = MinSizeRel|x64
		{7712F0BA-511E-3409-8FA3-6E06A44BFF42}.MinSizeRel|x64.Build.0 = MinSizeRel|x64
		{7712F0BA-511E-3409-8FA3-6E06A44BFF42}.RelWithDebInfo|x64.ActiveCfg = RelWithDebInfo|x64
		{7712F0BA-511E-3409-8FA3-6E06A44BFF42}.RelWithDebInfo|x64.Build.0 = RelWithDebInfo|x64
		{8D9EAD67-CD09-349B-BAEA-1D1550056DD5}.Debug|x64.ActiveCfg = Debug|x64
		{8D9EAD67-CD09-349B-BAEA-1D1550056DD5}.Debug|x64.Build.0 = Debug|x64
		{8D9EAD67-CD09-349B-BAEA-1D1550056DD5}.Release|x64.ActiveCfg = Release|x64
		{8D9EAD67-CD09-349B-BAEA-1D1550056DD5}.Release|x64.Build.0 = Release|x64
		{8D9EAD67-CD09-349B-BAEA-1D1550056DD5}.MinSizeRel|x64.ActiveCfg = MinSizeRel|x64
		{8D9EAD67-CD09-349B-BAEA-1D1550056DD5}.MinSizeRel|x64.Build.0 = MinSizeRel|x64
		{8D9EAD67-CD09-349B-BAEA-1D1550056DD5}.RelWithDebInfo|x64.ActiveCfg = RelWithDebInfo|x64
		{8D9EAD67-CD09-349B-BAEA-1D1550056DD5}.RelWithDebInfo|x64.Build.0 = RelWithDebInfo|x64
		{FD7436D4-0221-379D-94D0-968B6396BEA9}.Debug|x64.ActiveCfg = Debug|x64
		{FD7436D4-0221-379D-94D0-968B6396BEA9}.Debug|x64.Build.0 = Debug|x64
		{FD7436D4-0221-379D-94D0-968B6396BEA9}.Release|x64.ActiveCfg = Release|x64
		{FD7436D4-0221-379D-94D0-968B6396BEA9}.Release|x64.Build.0 = Release|x64
		{FD7436D4-0221-379D-94D0-968B6396BEA9}.MinSizeRel|x64.ActiveCfg = MinSizeRel|x64
		{FD7436D4-0221-379D-94D0-968B6396BEA9}.MinSizeRel|x64.Build.0 = MinSizeRel|x64
		{FD7436D4-0221-379D-94D0-968B6396BEA9}.RelWithDebInfo|x64.ActiveCfg = RelWithDebInfo|x64
		{FD7436D4-0221-379D-94D0-968B6396BEA9}.RelWithDebInfo|x64.Build.0 = RelWithDebInfo|x64
		{5001EC42-6B14-3AEF-87CD-39330C93541F}.Debug|x64.ActiveCfg = Debug|x64
		{5001EC42-6B14-3AEF-87CD-39330C93541F}.Debug|x64.Build.0 = Debug|x64
		{5001EC42-6B14-3AEF-87CD-39330C93541F}.Release|x64.ActiveCfg = Release|x64
		{5001EC42-6B14-3AEF-87CD-39330C93541F}.Release|x64.Build.0 = Release|x64
		{5001EC42-6B14-3AEF-87CD-39330C93541F}.MinSizeRel|x64.ActiveCfg = MinSizeRel|x64
		{5001EC42-6B14-3AEF-87CD-39330C93541F}.MinSizeRel|x64.Build.0 = MinSizeRel|x64
		{5001EC42-6B14-3AEF-87CD-39330C93541F}.RelWithDebInfo|x64.ActiveCfg = RelWithDebInfo|x64
		{5001EC42-6B14-3AEF-87CD-39330C93541F}.RelWithDebInfo|x64.Build.0 = RelWithDebInfo|x64
	EndGlobalSection
	GlobalSection(NestedProjects) = preSolution
		{4413E2C7-184C-3EF6-AF9B-2998C7E7F90D} = {42CA9EE7-FDC9-31B2-BBA7-4FDE18CE5117}
		{63B86871-ED5F-3590-A76A-BA52C2928E9D} = {42CA9EE7-FDC9-31B2-BBA7-4FDE18CE5117}
		{8EF770B4-95FF-3535-A4CC-72B395CF9EDF} = {42CA9EE7-FDC9-31B2-BBA7-4FDE18CE5117}
		{EB36C28D-D90A-3F34-8531-4D3D1C56BB6E} = {C8F76D28-79BC-3EEE-8FAD-F458C0BC5DD8}
		{F9010FB1-2D6F-3477-8EED-10CD2AD71C3A} = {C8F76D28-79BC-3EEE-8FAD-F458C0BC5DD8}
		{7712F0BA-511E-3409-8FA3-6E06A44BFF42} = {C8F76D28-79BC-3EEE-8FAD-F458C0BC5DD8}
		{8D9EAD67-CD09-349B-BAEA-1D1550056DD5} = {C8F76D28-79BC-3EEE-8FAD-F458C0BC5DD8}
		{FD7436D4-0221-379D-94D0-968B6396BEA9} = {C8F76D28-79BC-3EEE-8FAD-F458C0BC5DD8}
		{5001EC42-6B14-3AEF-87CD-39330C93541F} = {C8F76D28-79BC-3EEE-8FAD-F458C0BC5DD8}
	EndGlobalSection
	GlobalSection(ExtensibilityGlobals) = postSolution
		SolutionGuid = {21248B85-4108-3F65-BB93-2C903BE3BF49}
	EndGlobalSection
	GlobalSection(ExtensibilityAddIns) = postSolution
	EndGlobalSection
EndGlobal
